{
  "name": "cucumber-expression-func",
  "version": "1.0.0",
  "lockfileVersion": 1,
  "requires": true,
  "dependencies": {
    "becke-ch--regex--s0-0-v1--base--pl--lib": {
      "version": "1.4.0",
      "resolved": "https://registry.npmjs.org/becke-ch--regex--s0-0-v1--base--pl--lib/-/becke-ch--regex--s0-0-v1--base--pl--lib-1.4.0.tgz",
      "integrity": "sha1-Qpzuu/pffpNueNc/vcfacWKyDiA="
    },
    "cucumber-expressions": {
      "version": "5.0.17",
      "resolved": "https://registry.npmjs.org/cucumber-expressions/-/cucumber-expressions-5.0.17.tgz",
      "integrity": "sha1-GS9p/JlKYFEnql33JFGbXLfftwg=",
      "requires": {
        "becke-ch--regex--s0-0-v1--base--pl--lib": "1.4.0"
      }
    },
    "require-all": {
      "version": "2.2.0",
      "resolved": "https://registry.npmjs.org/require-all/-/require-all-2.2.0.tgz",
      "integrity": "sha1-tEIMIzrAKC0P9Jsnf7iAqLXeCJQ="
    }
  }
}
